
Microsoft Visual Studio Solution File, Format Version 12.00
# Visual Studio Version 16
VisualStudioVersion = 16.0.29920.165
MinimumVisualStudioVersion = 10.0.40219.1
Project("{9A19103F-16F7-4668-BE54-9A1E7A4F7556}") = "WebMVCDemo", "WebMVCDemo\WebMVCDemo.csproj", "{2978E730-2DC1-4B25-B334-E77E0F844778}"
EndProject
Project("{9A19103F-16F7-4668-BE54-9A1E7A4F7556}") = "WebMVC.Core.Test", "WebMVCTesting\WebMVC.Core.Test.csproj", "{72E497FC-F8EB-4A67-A7E4-75D07A785FC8}"
	ProjectSection(ProjectDependencies) = postProject
		{2978E730-2DC1-4B25-B334-E77E0F844778} = {2978E730-2DC1-4B25-B334-E77E0F844778}
	EndProjectSection
EndProject
Global
	GlobalSection(SolutionConfigurationPlatforms) = preSolution
		Debug|Any CPU = Debug|Any CPU
		Release|Any CPU = Release|Any CPU
	EndGlobalSection
	GlobalSection(ProjectConfigurationPlatforms) = postSolution
		{2978E730-2DC1-4B25-B334-E77E0F844778}.Debug|Any CPU.ActiveCfg = Debug|Any CPU
		{2978E730-2DC1-4B25-B334-E77E0F844778}.Debug|Any CPU.Build.0 = Debug|Any CPU
		{2978E730-2DC1-4B25-B334-E77E0F844778}.Release|Any CPU.ActiveCfg = Release|Any CPU
		{2978E730-2DC1-4B25-B334-E77E0F844778}.Release|Any CPU.Build.0 = Release|Any CPU
		{72E497FC-F8EB-4A67-A7E4-75D07A785FC8}.Debug|Any CPU.ActiveCfg = Debug|Any CPU
		{72E497FC-F8EB-4A67-A7E4-75D07A785FC8}.Debug|Any CPU.Build.0 = Debug|Any CPU
		{72E497FC-F8EB-4A67-A7E4-75D07A785FC8}.Release|Any CPU.ActiveCfg = Release|Any CPU
		{72E497FC-F8EB-4A67-A7E4-75D07A785FC8}.Release|Any CPU.Build.0 = Release|Any CPU
	EndGlobalSection
	GlobalSection(SolutionProperties) = preSolution
		HideSolutionNode = FALSE
	EndGlobalSection
	GlobalSection(ExtensibilityGlobals) = postSolution
		SolutionGuid = {FCF615A5-C312-4092-A35A-59AB3278871C}
	EndGlobalSection
EndGlobal
